{
  "name": "mospweb",
  "lockfileVersion": 2,
  "requires": true,
  "packages": {
    "": {
      "name": "mospweb",
      "dependencies": {
        "package.json": "^0.0.0",
        "sweetalert2": "^11.0.18"
      },
      "devDependencies": {
        "@types/jquery": "^3.5.5"
      }
    },
    "node_modules/@types/jquery": {
      "version": "3.5.14",
      "resolved": "https://registry.npmjs.org/@types/jquery/-/jquery-3.5.14.tgz",
      "integrity": "sha512-X1gtMRMbziVQkErhTQmSe2jFwwENA/Zr+PprCkF63vFq+Yt5PZ4AlKqgmeNlwgn7dhsXEK888eIW2520EpC+xg==",
      "dev": true,
      "dependencies": {
        "@types/sizzle": "*"
      }
    },
    "node_modules/@types/sizzle": {
      "version": "2.3.3",
      "resolved": "https://registry.npmjs.org/@types/sizzle/-/sizzle-2.3.3.tgz",
      "integrity": "sha512-JYM8x9EGF163bEyhdJBpR2QX1R5naCJHC8ucJylJ3w9/CVBaskdQ8WqBf8MmQrd1kRvp/a4TS8HJ+bxzR7ZJYQ==",
      "dev": true
    },
    "node_modules/package.json": {
      "version": "0.0.0",
      "resolved": "https://registry.npmjs.org/package.json/-/package.json-0.0.0.tgz",
      "integrity": "sha512-4IJoBrMPxhC4cWwViXg7omAK6E/QD3F/DfmD1g20EI4AcV6V/KG5NqqLC2xjCclY1N5V7D+j6rJxi4mXyxIsMg==",
      "deprecated": "Use pkg.json instead."
    },
    "node_modules/sweetalert2": {
      "version": "11.4.26",
      "resolved": "https://registry.npmjs.org/sweetalert2/-/sweetalert2-11.4.26.tgz",
      "integrity": "sha512-YqH/C6IPudeWVK9R0x3pCOqP7m90Ae50tl98SQBpAwL3+UBl1WYD2+5OaKy0ybiVTKbYe76wwJ3PV+bITLjl+A==",
      "funding": {
        "type": "individual",
        "url": "https://sweetalert2.github.io/#donations"
      }
    }
  },
  "dependencies": {
    "@types/jquery": {
      "version": "3.5.14",
      "resolved": "https://registry.npmjs.org/@types/jquery/-/jquery-3.5.14.tgz",
      "integrity": "sha512-X1gtMRMbziVQkErhTQmSe2jFwwENA/Zr+PprCkF63vFq+Yt5PZ4AlKqgmeNlwgn7dhsXEK888eIW2520EpC+xg==",
      "dev": true,
      "requires": {
        "@types/sizzle": "*"
      }
    },
    "@types/sizzle": {
      "version": "2.3.3",
      "resolved": "https://registry.npmjs.org/@types/sizzle/-/sizzle-2.3.3.tgz",
      "integrity": "sha512-JYM8x9EGF163bEyhdJBpR2QX1R5naCJHC8ucJylJ3w9/CVBaskdQ8WqBf8MmQrd1kRvp/a4TS8HJ+bxzR7ZJYQ==",
      "dev": true
    },
    "package.json": {
      "version": "0.0.0",
      "resolved": "https://registry.npmjs.org/package.json/-/package.json-0.0.0.tgz",
      "integrity": "sha512-4IJoBrMPxhC4cWwViXg7omAK6E/QD3F/DfmD1g20EI4AcV6V/KG5NqqLC2xjCclY1N5V7D+j6rJxi4mXyxIsMg=="
    },
    "sweetalert2": {
      "version": "11.4.26",
      "resolved": "https://registry.npmjs.org/sweetalert2/-/sweetalert2-11.4.26.tgz",
      "integrity": "sha512-YqH/C6IPudeWVK9R0x3pCOqP7m90Ae50tl98SQBpAwL3+UBl1WYD2+5OaKy0ybiVTKbYe76wwJ3PV+bITLjl+A=="
    }
  }
}
